
Microsoft Visual Studio Solution File, Format Version 12.00
# Visual Studio 15
VisualStudioVersion = 15.0.28010.2026
MinimumVisualStudioVersion = 10.0.40219.1
Project("{9A19103F-16F7-4668-BE54-9A1E7A4F7556}") = "Facemash.API", "Facemash.API\Facemash.API.csproj", "{F8784BEC-AA55-4A6E-8FD3-4CDE75456AD1}"
EndProject
Project("{FAE04EC0-301F-11D3-BF4B-00C04F79EFBC}") = "Facemash.WPF", "Facemash.WPF\Facemash.WPF.csproj", "{000C5D50-E6B1-4EE2-91F7-B3CAD2EDF6AD}"
EndProject
Project("{2150E333-8FDC-42A3-9474-1A3956D46DE8}") = "Solution Items", "Solution Items", "{75866749-5B1B-4527-93E2-BDAFE052151E}"
	ProjectSection(SolutionItems) = preProject
		ReadMe.txt = ReadMe.txt
	EndProjectSection
EndProject
Project("{FAE04EC0-301F-11D3-BF4B-00C04F79EFBC}") = "XUnitTestProject", "XUnitTestProject\XUnitTestProject.csproj", "{FA566948-E531-4D68-91DD-5F64AE462E05}"
EndProject
Global
	GlobalSection(SolutionConfigurationPlatforms) = preSolution
		Debug|Any CPU = Debug|Any CPU
		Release|Any CPU = Release|Any CPU
	EndGlobalSection
	GlobalSection(ProjectConfigurationPlatforms) = postSolution
		{F8784BEC-AA55-4A6E-8FD3-4CDE75456AD1}.Debug|Any CPU.ActiveCfg = Debug|Any CPU
		{F8784BEC-AA55-4A6E-8FD3-4CDE75456AD1}.Debug|Any CPU.Build.0 = Debug|Any CPU
		{F8784BEC-AA55-4A6E-8FD3-4CDE75456AD1}.Release|Any CPU.ActiveCfg = Release|Any CPU
		{F8784BEC-AA55-4A6E-8FD3-4CDE75456AD1}.Release|Any CPU.Build.0 = Release|Any CPU
		{000C5D50-E6B1-4EE2-91F7-B3CAD2EDF6AD}.Debug|Any CPU.ActiveCfg = Debug|Any CPU
		{000C5D50-E6B1-4EE2-91F7-B3CAD2EDF6AD}.Debug|Any CPU.Build.0 = Debug|Any CPU
		{000C5D50-E6B1-4EE2-91F7-B3CAD2EDF6AD}.Release|Any CPU.ActiveCfg = Release|Any CPU
		{000C5D50-E6B1-4EE2-91F7-B3CAD2EDF6AD}.Release|Any CPU.Build.0 = Release|Any CPU
		{FA566948-E531-4D68-91DD-5F64AE462E05}.Debug|Any CPU.ActiveCfg = Debug|Any CPU
		{FA566948-E531-4D68-91DD-5F64AE462E05}.Debug|Any CPU.Build.0 = Debug|Any CPU
		{FA566948-E531-4D68-91DD-5F64AE462E05}.Release|Any CPU.ActiveCfg = Release|Any CPU
		{FA566948-E531-4D68-91DD-5F64AE462E05}.Release|Any CPU.Build.0 = Release|Any CPU
	EndGlobalSection
	GlobalSection(SolutionProperties) = preSolution
		HideSolutionNode = FALSE
	EndGlobalSection
	GlobalSection(ExtensibilityGlobals) = postSolution
		SolutionGuid = {C925544C-7312-4683-9A6C-F315A2F10DD8}
	EndGlobalSection
EndGlobal
